
Microsoft Visual Studio Solution File, Format Version 12.00
# Visual Studio Version 16
VisualStudioVersion = 16.0.29613.14
MinimumVisualStudioVersion = 10.0.40219.1
Project("{2150E333-8FDC-42A3-9474-1A3956D46DE8}") = "Solution Items", "Solution Items", "{14133E64-8631-46C8-8477-D41C821968F4}"
	ProjectSection(SolutionItems) = preProject
		README.md = README.md
	EndProjectSection
EndProject
Project("{FAE04EC0-301F-11D3-BF4B-00C04F79EFBC}") = "Core.OpenHtmlToPdf.WkHtmlToPdf", "Core.OpenHtmlToPdf.WkHtmlToPdf\Core.OpenHtmlToPdf.WkHtmlToPdf.csproj", "{423AF7F4-3BCF-44EF-BBB1-2590923DF460}"
EndProject
Project("{FAE04EC0-301F-11D3-BF4B-00C04F79EFBC}") = "Core.OpenHtmlToPdf", "Core.OpenHtmlToPdf\Core.OpenHtmlToPdf.csproj", "{D7D34125-5116-4676-9605-1299DDCE8FD4}"
EndProject
Project("{FAE04EC0-301F-11D3-BF4B-00C04F79EFBC}") = "Core.OpenHtmlToPdf.Tests", "Core.OpenHtmlToPdf.Tests\Core.OpenHtmlToPdf.Tests.csproj", "{7E2CEA1B-9BB4-4FE3-9D85-9DDE5C13A599}"
EndProject
Global
	GlobalSection(SolutionConfigurationPlatforms) = preSolution
		Debug|Any CPU = Debug|Any CPU
		Debug|x64 = Debug|x64
		Debug|x86 = Debug|x86
		Release|Any CPU = Release|Any CPU
		Release|x64 = Release|x64
		Release|x86 = Release|x86
	EndGlobalSection
	GlobalSection(ProjectConfigurationPlatforms) = postSolution
		{423AF7F4-3BCF-44EF-BBB1-2590923DF460}.Debug|Any CPU.ActiveCfg = Debug|Any CPU
		{423AF7F4-3BCF-44EF-BBB1-2590923DF460}.Debug|Any CPU.Build.0 = Debug|Any CPU
		{423AF7F4-3BCF-44EF-BBB1-2590923DF460}.Debug|x64.ActiveCfg = Debug|Any CPU
		{423AF7F4-3BCF-44EF-BBB1-2590923DF460}.Debug|x64.Build.0 = Debug|Any CPU
		{423AF7F4-3BCF-44EF-BBB1-2590923DF460}.Debug|x86.ActiveCfg = Debug|Any CPU
		{423AF7F4-3BCF-44EF-BBB1-2590923DF460}.Debug|x86.Build.0 = Debug|Any CPU
		{423AF7F4-3BCF-44EF-BBB1-2590923DF460}.Release|Any CPU.ActiveCfg = Release|Any CPU
		{423AF7F4-3BCF-44EF-BBB1-2590923DF460}.Release|Any CPU.Build.0 = Release|Any CPU
		{423AF7F4-3BCF-44EF-BBB1-2590923DF460}.Release|x64.ActiveCfg = Release|Any CPU
		{423AF7F4-3BCF-44EF-BBB1-2590923DF460}.Release|x64.Build.0 = Release|Any CPU
		{423AF7F4-3BCF-44EF-BBB1-2590923DF460}.Release|x86.ActiveCfg = Release|Any CPU
		{423AF7F4-3BCF-44EF-BBB1-2590923DF460}.Release|x86.Build.0 = Release|Any CPU
		{D7D34125-5116-4676-9605-1299DDCE8FD4}.Debug|Any CPU.ActiveCfg = Debug|Any CPU
		{D7D34125-5116-4676-9605-1299DDCE8FD4}.Debug|Any CPU.Build.0 = Debug|Any CPU
		{D7D34125-5116-4676-9605-1299DDCE8FD4}.Debug|x64.ActiveCfg = Debug|Any CPU
		{D7D34125-5116-4676-9605-1299DDCE8FD4}.Debug|x64.Build.0 = Debug|Any CPU
		{D7D34125-5116-4676-9605-1299DDCE8FD4}.Debug|x86.ActiveCfg = Debug|Any CPU
		{D7D34125-5116-4676-9605-1299DDCE8FD4}.Debug|x86.Build.0 = Debug|Any CPU
		{D7D34125-5116-4676-9605-1299DDCE8FD4}.Release|Any CPU.ActiveCfg = Release|Any CPU
		{D7D34125-5116-4676-9605-1299DDCE8FD4}.Release|Any CPU.Build.0 = Release|Any CPU
		{D7D34125-5116-4676-9605-1299DDCE8FD4}.Release|x64.ActiveCfg = Release|Any CPU
		{D7D34125-5116-4676-9605-1299DDCE8FD4}.Release|x64.Build.0 = Release|Any CPU
		{D7D34125-5116-4676-9605-1299DDCE8FD4}.Release|x86.ActiveCfg = Release|Any CPU
		{D7D34125-5116-4676-9605-1299DDCE8FD4}.Release|x86.Build.0 = Release|Any CPU
		{7E2CEA1B-9BB4-4FE3-9D85-9DDE5C13A599}.Debug|Any CPU.ActiveCfg = Debug|Any CPU
		{7E2CEA1B-9BB4-4FE3-9D85-9DDE5C13A599}.Debug|Any CPU.Build.0 = Debug|Any CPU
		{7E2CEA1B-9BB4-4FE3-9D85-9DDE5C13A599}.Debug|x64.ActiveCfg = Debug|Any CPU
		{7E2CEA1B-9BB4-4FE3-9D85-9DDE5C13A599}.Debug|x64.Build.0 = Debug|Any CPU
		{7E2CEA1B-9BB4-4FE3-9D85-9DDE5C13A599}.Debug|x86.ActiveCfg = Debug|Any CPU
		{7E2CEA1B-9BB4-4FE3-9D85-9DDE5C13A599}.Debug|x86.Build.0 = Debug|Any CPU
		{7E2CEA1B-9BB4-4FE3-9D85-9DDE5C13A599}.Release|Any CPU.ActiveCfg = Release|Any CPU
		{7E2CEA1B-9BB4-4FE3-9D85-9DDE5C13A599}.Release|Any CPU.Build.0 = Release|Any CPU
		{7E2CEA1B-9BB4-4FE3-9D85-9DDE5C13A599}.Release|x64.ActiveCfg = Release|Any CPU
		{7E2CEA1B-9BB4-4FE3-9D85-9DDE5C13A599}.Release|x64.Build.0 = Release|Any CPU
		{7E2CEA1B-9BB4-4FE3-9D85-9DDE5C13A599}.Release|x86.ActiveCfg = Release|Any CPU
		{7E2CEA1B-9BB4-4FE3-9D85-9DDE5C13A599}.Release|x86.Build.0 = Release|Any CPU
	EndGlobalSection
	GlobalSection(SolutionProperties) = preSolution
		HideSolutionNode = FALSE
	EndGlobalSection
	GlobalSection(ExtensibilityGlobals) = postSolution
		SolutionGuid = {F816381F-6CE6-42E4-AEFA-51ED4FB104F7}
	EndGlobalSection
EndGlobal
